
Microsoft Visual Studio Solution File, Format Version 12.00
# Visual Studio Version 16
VisualStudioVersion = 16.0.30804.86
MinimumVisualStudioVersion = 10.0.40219.1
Project("{9A19103F-16F7-4668-BE54-9A1E7A4F7556}") = "TestEDDN", "TestEDDN\TestEDDN.csproj", "{1EF7B33F-E0DE-44DC-8D44-875BDF34DB7E}"
EndProject
Project("{FAE04EC0-301F-11D3-BF4B-00C04F79EFBC}") = "EDDNCommunicator", "EDDNCommuncator\EDDNCommunicator.csproj", "{68349752-E59C-4312-8385-1B21B5AE3C70}"
EndProject
Global
	GlobalSection(SolutionConfigurationPlatforms) = preSolution
		Debug|Any CPU = Debug|Any CPU
		Release|Any CPU = Release|Any CPU
	EndGlobalSection
	GlobalSection(ProjectConfigurationPlatforms) = postSolution
		{1EF7B33F-E0DE-44DC-8D44-875BDF34DB7E}.Debug|Any CPU.ActiveCfg = Debug|Any CPU
		{1EF7B33F-E0DE-44DC-8D44-875BDF34DB7E}.Debug|Any CPU.Build.0 = Debug|Any CPU
		{1EF7B33F-E0DE-44DC-8D44-875BDF34DB7E}.Release|Any CPU.ActiveCfg = Release|Any CPU
		{1EF7B33F-E0DE-44DC-8D44-875BDF34DB7E}.Release|Any CPU.Build.0 = Release|Any CPU
		{68349752-E59C-4312-8385-1B21B5AE3C70}.Debug|Any CPU.ActiveCfg = Debug|Any CPU
		{68349752-E59C-4312-8385-1B21B5AE3C70}.Debug|Any CPU.Build.0 = Debug|Any CPU
		{68349752-E59C-4312-8385-1B21B5AE3C70}.Release|Any CPU.ActiveCfg = Release|Any CPU
		{68349752-E59C-4312-8385-1B21B5AE3C70}.Release|Any CPU.Build.0 = Release|Any CPU
	EndGlobalSection
	GlobalSection(SolutionProperties) = preSolution
		HideSolutionNode = FALSE
	EndGlobalSection
	GlobalSection(ExtensibilityGlobals) = postSolution
		SolutionGuid = {50B12330-3173-4B7C-B66A-EE0814DC8FD5}
	EndGlobalSection
EndGlobal
